{
  "name": "zyllio-plugin-theme",
  "version": "1.0.0",
  "lockfileVersion": 2,
  "requires": true,
  "packages": {
    "": {
      "name": "zyllio-plugin-theme",
      "version": "1.0.0",
      "license": "ISC",
      "devDependencies": {
        "@zyllio/zy-sdk": "latest"
      }
    },
    "node_modules/@zyllio/zy-sdk": {
      "version": "1.1.1",
      "resolved": "https://registry.npmjs.org/@zyllio/zy-sdk/-/zy-sdk-1.1.1.tgz",
      "integrity": "sha512-atpMDtEOlK9Pp9r4CU+kqxvwarGIQjd9RKNyB7LrjtVk+djsT/m+QgWG5zgOo+5lnV0xW8H08j79eybEJrcW+Q==",
      "dev": true,
      "dependencies": {
        "hammerjs": "^2.0.8",
        "qr-creator": "^1.0.0"
      }
    },
    "node_modules/hammerjs": {
      "version": "2.0.8",
      "resolved": "https://registry.npmjs.org/hammerjs/-/hammerjs-2.0.8.tgz",
      "integrity": "sha512-tSQXBXS/MWQOn/RKckawJ61vvsDpCom87JgxiYdGwHdOa0ht0vzUWDlfioofFCRU0L+6NGDt6XzbgoJvZkMeRQ==",
      "dev": true,
      "engines": {
        "node": ">=0.8.0"
      }
    },
    "node_modules/qr-creator": {
      "version": "1.0.0",
      "resolved": "https://registry.npmjs.org/qr-creator/-/qr-creator-1.0.0.tgz",
      "integrity": "sha512-C0cqfbS1P5hfqN4NhsYsUXePlk9BO+a45bAQ3xLYjBL3bOIFzoVEjs79Fado9u9BPBD3buHi3+vY+C8tHh4qMQ==",
      "dev": true
    }
  },
  "dependencies": {
    "@zyllio/zy-sdk": {
      "version": "1.1.1",
      "resolved": "https://registry.npmjs.org/@zyllio/zy-sdk/-/zy-sdk-1.1.1.tgz",
      "integrity": "sha512-atpMDtEOlK9Pp9r4CU+kqxvwarGIQjd9RKNyB7LrjtVk+djsT/m+QgWG5zgOo+5lnV0xW8H08j79eybEJrcW+Q==",
      "dev": true,
      "requires": {
        "hammerjs": "^2.0.8",
        "qr-creator": "^1.0.0"
      }
    },
    "hammerjs": {
      "version": "2.0.8",
      "resolved": "https://registry.npmjs.org/hammerjs/-/hammerjs-2.0.8.tgz",
      "integrity": "sha512-tSQXBXS/MWQOn/RKckawJ61vvsDpCom87JgxiYdGwHdOa0ht0vzUWDlfioofFCRU0L+6NGDt6XzbgoJvZkMeRQ==",
      "dev": true
    },
    "qr-creator": {
      "version": "1.0.0",
      "resolved": "https://registry.npmjs.org/qr-creator/-/qr-creator-1.0.0.tgz",
      "integrity": "sha512-C0cqfbS1P5hfqN4NhsYsUXePlk9BO+a45bAQ3xLYjBL3bOIFzoVEjs79Fado9u9BPBD3buHi3+vY+C8tHh4qMQ==",
      "dev": true
    }
  }
}
